// !$*UTF8*$!
{
	archiveVersion = 1;
	classes = {
	};
	objectVersion = 56;
	objects = {

/* Begin PBXBuildFile section */
		F37A0C9C29A8F9D2002D06EE /* AppDelegate.swift in Sources */ = {isa = PBXBuildFile; fileRef = F37A0C9B29A8F9D2002D06EE /* AppDelegate.swift */; };
		F37A0C9E29A8F9D2002D06EE /* SceneDelegate.swift in Sources */ = {isa = PBXBuildFile; fileRef = F37A0C9D29A8F9D2002D06EE /* SceneDelegate.swift */; };
		F37A0CA029A8F9D2002D06EE /* ViewController.swift in Sources */ = {isa = PBXBuildFile; fileRef = F37A0C9F29A8F9D2002D06EE /* ViewController.swift */; };
		F37A0CA329A8F9D2002D06EE /* Main.storyboard in Resources */ = {isa = PBXBuildFile; fileRef = F37A0CA129A8F9D2002D06EE /* Main.storyboard */; };
		F37A0CA529A8F9D3002D06EE /* Assets.xcassets in Resources */ = {isa = PBXBuildFile; fileRef = F37A0CA429A8F9D3002D06EE /* Assets.xcassets */; };
		F37A0CA829A8F9D3002D06EE /* LaunchScreen.storyboard in Resources */ = {isa = PBXBuildFile; fileRef = F37A0CA629A8F9D3002D06EE /* LaunchScreen.storyboard */; };
		F38530D529AF82D600CB6DB2 /* FeedViewController.swift in Sources */ = {isa = PBXBuildFile; fileRef = F38530D429AF82D600CB6DB2 /* FeedViewController.swift */; };
		F38530D729AF82E100CB6DB2 /* UploadViewController.swift in Sources */ = {isa = PBXBuildFile; fileRef = F38530D629AF82E100CB6DB2 /* UploadViewController.swift */; };
		F38530D929AF82EA00CB6DB2 /* SettingsViewController.swift in Sources */ = {isa = PBXBuildFile; fileRef = F38530D829AF82EA00CB6DB2 /* SettingsViewController.swift */; };
		F38530DB29B0C4FA00CB6DB2 /* FeedCell.swift in Sources */ = {isa = PBXBuildFile; fileRef = F38530DA29B0C4FA00CB6DB2 /* FeedCell.swift */; };
		F38530DE29B0D17600CB6DB2 /* SDWebImage in Frameworks */ = {isa = PBXBuildFile; productRef = F38530DD29B0D17600CB6DB2 /* SDWebImage */; };
		F3D346C429AF78420092A260 /* GoogleService-Info.plist in Resources */ = {isa = PBXBuildFile; fileRef = F3D346C329AF78420092A260 /* GoogleService-Info.plist */; };
		F3D346C729AF7ACB0092A260 /* FirebaseAnalytics in Frameworks */ = {isa = PBXBuildFile; productRef = F3D346C629AF7ACB0092A260 /* FirebaseAnalytics */; };
		F3D346C929AF7ACB0092A260 /* FirebaseAuth in Frameworks */ = {isa = PBXBuildFile; productRef = F3D346C829AF7ACB0092A260 /* FirebaseAuth */; };
		F3D346CB29AF7ACB0092A260 /* FirebaseDatabase in Frameworks */ = {isa = PBXBuildFile; productRef = F3D346CA29AF7ACB0092A260 /* FirebaseDatabase */; };
		F3D346CD29AF7ACB0092A260 /* FirebaseFirestore in Frameworks */ = {isa = PBXBuildFile; productRef = F3D346CC29AF7ACB0092A260 /* FirebaseFirestore */; };
		F3D346CF29AF7ACB0092A260 /* FirebaseStorage in Frameworks */ = {isa = PBXBuildFile; productRef = F3D346CE29AF7ACB0092A260 /* FirebaseStorage */; };
/* End PBXBuildFile section */

/* Begin PBXFileReference section */
		F37A0C9829A8F9D2002D06EE /* instaFirabaseClone.app */ = {isa = PBXFileReference; explicitFileType = wrapper.application; includeInIndex = 0; path = instaFirabaseClone.app; sourceTree = BUILT_PRODUCTS_DIR; };
		F37A0C9B29A8F9D2002D06EE /* AppDelegate.swift */ = {isa = PBXFileReference; lastKnownFileType = sourcecode.swift; path = AppDelegate.swift; sourceTree = "<group>"; };
		F37A0C9D29A8F9D2002D06EE /* SceneDelegate.swift */ = {isa = PBXFileReference; lastKnownFileType = sourcecode.swift; path = SceneDelegate.swift; sourceTree = "<group>"; };
		F37A0C9F29A8F9D2002D06EE /* ViewController.swift */ = {isa = PBXFileReference; lastKnownFileType = sourcecode.swift; path = ViewController.swift; sourceTree = "<group>"; };
		F37A0CA229A8F9D2002D06EE /* Base */ = {isa = PBXFileReference; lastKnownFileType = file.storyboard; name = Base; path = Base.lproj/Main.storyboard; sourceTree = "<group>"; };
		F37A0CA429A8F9D3002D06EE /* Assets.xcassets */ = {isa = PBXFileReference; lastKnownFileType = folder.assetcatalog; path = Assets.xcassets; sourceTree = "<group>"; };
		F37A0CA729A8F9D3002D06EE /* Base */ = {isa = PBXFileReference; lastKnownFileType = file.storyboard; name = Base; path = Base.lproj/LaunchScreen.storyboard; sourceTree = "<group>"; };
		F37A0CA929A8F9D3002D06EE /* Info.plist */ = {isa = PBXFileReference; lastKnownFileType = text.plist.xml; path = Info.plist; sourceTree = "<group>"; };
		F38530D429AF82D600CB6DB2 /* FeedViewController.swift */ = {isa = PBXFileReference; lastKnownFileType = sourcecode.swift; path = FeedViewController.swift; sourceTree = "<group>"; };
		F38530D629AF82E100CB6DB2 /* UploadViewController.swift */ = {isa = PBXFileReference; lastKnownFileType = sourcecode.swift; path = UploadViewController.swift; sourceTree = "<group>"; };
		F38530D829AF82EA00CB6DB2 /* SettingsViewController.swift */ = {isa = PBXFileReference; lastKnownFileType = sourcecode.swift; path = SettingsViewController.swift; sourceTree = "<group>"; };
		F38530DA29B0C4FA00CB6DB2 /* FeedCell.swift */ = {isa = PBXFileReference; lastKnownFileType = sourcecode.swift; path = FeedCell.swift; sourceTree = "<group>"; };
		F3D346C329AF78420092A260 /* GoogleService-Info.plist */ = {isa = PBXFileReference; fileEncoding = 4; lastKnownFileType = text.plist.xml; path = "GoogleService-Info.plist"; sourceTree = "<group>"; };
/* End PBXFileReference section */

/* Begin PBXFrameworksBuildPhase section */
		F37A0C9529A8F9D2002D06EE /* Frameworks */ = {
			isa = PBXFrameworksBuildPhase;
			buildActionMask = 2147483647;
			files = (
				F38530DE29B0D17600CB6DB2 /* SDWebImage in Frameworks */,
				F3D346CB29AF7ACB0092A260 /* FirebaseDatabase in Frameworks */,
				F3D346CD29AF7ACB0092A260 /* FirebaseFirestore in Frameworks */,
				F3D346C729AF7ACB0092A260 /* FirebaseAnalytics in Frameworks */,
				F3D346CF29AF7ACB0092A260 /* FirebaseStorage in Frameworks */,
				F3D346C929AF7ACB0092A260 /* FirebaseAuth in Frameworks */,
			);
			runOnlyForDeploymentPostprocessing = 0;
		};
/* End PBXFrameworksBuildPhase section */

/* Begin PBXGroup section */
		F37A0C8F29A8F9D2002D06EE = {
			isa = PBXGroup;
			children = (
				F37A0C9A29A8F9D2002D06EE /* instaFirabaseClone */,
				F37A0C9929A8F9D2002D06EE /* Products */,
			);
			sourceTree = "<group>";
		};
		F37A0C9929A8F9D2002D06EE /* Products */ = {
			isa = PBXGroup;
			children = (
				F37A0C9829A8F9D2002D06EE /* instaFirabaseClone.app */,
			);
			name = Products;
			sourceTree = "<group>";
		};
		F37A0C9A29A8F9D2002D06EE /* instaFirabaseClone */ = {
			isa = PBXGroup;
			children = (
				F37A0C9B29A8F9D2002D06EE /* AppDelegate.swift */,
				F37A0C9D29A8F9D2002D06EE /* SceneDelegate.swift */,
				F37A0C9F29A8F9D2002D06EE /* ViewController.swift */,
				F38530D429AF82D600CB6DB2 /* FeedViewController.swift */,
				F38530D629AF82E100CB6DB2 /* UploadViewController.swift */,
				F38530D829AF82EA00CB6DB2 /* SettingsViewController.swift */,
				F38530DA29B0C4FA00CB6DB2 /* FeedCell.swift */,
				F37A0CA129A8F9D2002D06EE /* Main.storyboard */,
				F37A0CA429A8F9D3002D06EE /* Assets.xcassets */,
				F37A0CA629A8F9D3002D06EE /* LaunchScreen.storyboard */,
				F37A0CA929A8F9D3002D06EE /* Info.plist */,
				F3D346C329AF78420092A260 /* GoogleService-Info.plist */,
			);
			path = instaFirabaseClone;
			sourceTree = "<group>";
		};
/* End PBXGroup section */

/* Begin PBXNativeTarget section */
		F37A0C9729A8F9D2002D06EE /* instaFirabaseClone */ = {
			isa = PBXNativeTarget;
			buildConfigurationList = F37A0CAC29A8F9D3002D06EE /* Build configuration list for PBXNativeTarget "instaFirabaseClone" */;
			buildPhases = (
				F37A0C9429A8F9D2002D06EE /* Sources */,
				F37A0C9529A8F9D2002D06EE /* Frameworks */,
				F37A0C9629A8F9D2002D06EE /* Resources */,
			);
			buildRules = (
			);
			dependencies = (
			);
			name = instaFirabaseClone;
			packageProductDependencies = (
				F3D346C629AF7ACB0092A260 /* FirebaseAnalytics */,
				F3D346C829AF7ACB0092A260 /* FirebaseAuth */,
				F3D346CA29AF7ACB0092A260 /* FirebaseDatabase */,
				F3D346CC29AF7ACB0092A260 /* FirebaseFirestore */,
				F3D346CE29AF7ACB0092A260 /* FirebaseStorage */,
				F38530DD29B0D17600CB6DB2 /* SDWebImage */,
			);
			productName = instaFirabaseClone;
			productReference = F37A0C9829A8F9D2002D06EE /* instaFirabaseClone.app */;
			productType = "com.apple.product-type.application";
		};
/* End PBXNativeTarget section */

/* Begin PBXProject section */
		F37A0C9029A8F9D2002D06EE /* Project object */ = {
			isa = PBXProject;
			attributes = {
				BuildIndependentTargetsInParallel = 1;
				LastSwiftUpdateCheck = 1410;
				LastUpgradeCheck = 1410;
				TargetAttributes = {
					F37A0C9729A8F9D2002D06EE = {
						CreatedOnToolsVersion = 14.1;
					};
				};
			};
			buildConfigurationList = F37A0C9329A8F9D2002D06EE /* Build configuration list for PBXProject "instaFirabaseClone" */;
			compatibilityVersion = "Xcode 14.0";
			developmentRegion = en;
			hasScannedForEncodings = 0;
			knownRegions = (
				en,
				Base,
			);
			mainGroup = F37A0C8F29A8F9D2002D06EE;
			packageReferences = (
				F3D346C529AF7ACB0092A260 /* XCRemoteSwiftPackageReference "firebase-ios-sdk" */,
				F38530DC29B0D17600CB6DB2 /* XCRemoteSwiftPackageReference "SDWebImage" */,
			);
			productRefGroup = F37A0C9929A8F9D2002D06EE /* Products */;
			projectDirPath = "";
			projectRoot = "";
			targets = (
				F37A0C9729A8F9D2002D06EE /* instaFirabaseClone */,
			);
		};
/* End PBXProject section */

/* Begin PBXResourcesBuildPhase section */
		F37A0C9629A8F9D2002D06EE /* Resources */ = {
			isa = PBXResourcesBuildPhase;
			buildActionMask = 2147483647;
			files = (
				F37A0CA829A8F9D3002D06EE /* LaunchScreen.storyboard in Resources */,
				F3D346C429AF78420092A260 /* GoogleService-Info.plist in Resources */,
				F37A0CA529A8F9D3002D06EE /* Assets.xcassets in Resources */,
				F37A0CA329A8F9D2002D06EE /* Main.storyboard in Resources */,
			);
			runOnlyForDeploymentPostprocessing = 0;
		};
/* End PBXResourcesBuildPhase section */

/* Begin PBXSourcesBuildPhase section */
		F37A0C9429A8F9D2002D06EE /* Sources */ = {
			isa = PBXSourcesBuildPhase;
			buildActionMask = 2147483647;
			files = (
				F38530DB29B0C4FA00CB6DB2 /* FeedCell.swift in Sources */,
				F37A0CA029A8F9D2002D06EE /* ViewController.swift in Sources */,
				F38530D729AF82E100CB6DB2 /* UploadViewController.swift in Sources */,
				F37A0C9C29A8F9D2002D06EE /* AppDelegate.swift in Sources */,
				F38530D529AF82D600CB6DB2 /* FeedViewController.swift in Sources */,
				F37A0C9E29A8F9D2002D06EE /* SceneDelegate.swift in Sources */,
				F38530D929AF82EA00CB6DB2 /* SettingsViewController.swift in Sources */,
			);
			runOnlyForDeploymentPostprocessing = 0;
		};
/* End PBXSourcesBuildPhase section */

/* Begin PBXVariantGroup section */
		F37A0CA129A8F9D2002D06EE /* Main.storyboard */ = {
			isa = PBXVariantGroup;
			children = (
				F37A0CA229A8F9D2002D06EE /* Base */,
			);
			name = Main.storyboard;
			sourceTree = "<group>";
		};
		F37A0CA629A8F9D3002D06EE /* LaunchScreen.storyboard */ = {
			isa = PBXVariantGroup;
			children = (
				F37A0CA729A8F9D3002D06EE /* Base */,
			);
			name = LaunchScreen.storyboard;
			sourceTree = "<group>";
		};
/* End PBXVariantGroup section */

/* Begin XCBuildConfiguration section */
		F37A0CAA29A8F9D3002D06EE /* Debug */ = {
			isa = XCBuildConfiguration;
			buildSettings = {
				ALWAYS_SEARCH_USER_PATHS = NO;
				CLANG_ANALYZER_NONNULL = YES;
				CLANG_ANALYZER_NUMBER_OBJECT_CONVERSION = YES_AGGRESSIVE;
				CLANG_CXX_LANGUAGE_STANDARD = "gnu++20";
				CLANG_ENABLE_MODULES = YES;
				CLANG_ENABLE_OBJC_ARC = YES;
				CLANG_ENABLE_OBJC_WEAK = YES;
				CLANG_WARN_BLOCK_CAPTURE_AUTORELEASING = YES;
				CLANG_WARN_BOOL_CONVERSION = YES;
				CLANG_WARN_COMMA = YES;
				CLANG_WARN_CONSTANT_CONVERSION = YES;
				CLANG_WARN_DEPRECATED_OBJC_IMPLEMENTATIONS = YES;
				CLANG_WARN_DIRECT_OBJC_ISA_USAGE = YES_ERROR;
				CLANG_WARN_DOCUMENTATION_COMMENTS = YES;
				CLANG_WARN_EMPTY_BODY = YES;
				CLANG_WARN_ENUM_CONVERSION = YES;
				CLANG_WARN_INFINITE_RECURSION = YES;
				CLANG_WARN_INT_CONVERSION = YES;
				CLANG_WARN_NON_LITERAL_NULL_CONVERSION = YES;
				CLANG_WARN_OBJC_IMPLICIT_RETAIN_SELF = YES;
				CLANG_WARN_OBJC_LITERAL_CONVERSION = YES;
				CLANG_WARN_OBJC_ROOT_CLASS = YES_ERROR;
				CLANG_WARN_QUOTED_INCLUDE_IN_FRAMEWORK_HEADER = YES;
				CLANG_WARN_RANGE_LOOP_ANALYSIS = YES;
				CLANG_WARN_STRICT_PROTOTYPES = YES;
				CLANG_WARN_SUSPICIOUS_MOVE = YES;
				CLANG_WARN_UNGUARDED_AVAILABILITY = YES_AGGRESSIVE;
				CLANG_WARN_UNREACHABLE_CODE = YES;
				CLANG_WARN__DUPLICATE_METHOD_MATCH = YES;
				COPY_PHASE_STRIP = NO;
				DEBUG_INFORMATION_FORMAT = dwarf;
				ENABLE_STRICT_OBJC_MSGSEND = YES;
				ENABLE_TESTABILITY = YES;
				GCC_C_LANGUAGE_STANDARD = gnu11;
				GCC_DYNAMIC_NO_PIC = NO;
				GCC_NO_COMMON_BLOCKS = YES;
				GCC_OPTIMIZATION_LEVEL = 0;
				GCC_PREPROCESSOR_DEFINITIONS = (
					"DEBUG=1",
					"$(inherited)",
				);
				GCC_WARN_64_TO_32_BIT_CONVERSION = YES;
				GCC_WARN_ABOUT_RETURN_TYPE = YES_ERROR;
				GCC_WARN_UNDECLARED_SELECTOR = YES;
				GCC_WARN_UNINITIALIZED_AUTOS = YES_AGGRESSIVE;
				GCC_WARN_UNUSED_FUNCTION = YES;
				GCC_WARN_UNUSED_VARIABLE = YES;
				IPHONEOS_DEPLOYMENT_TARGET = 16.1;
				MTL_ENABLE_DEBUG_INFO = INCLUDE_SOURCE;
				MTL_FAST_MATH = YES;
				ONLY_ACTIVE_ARCH = YES;
				SDKROOT = iphoneos;
				SWIFT_ACTIVE_COMPILATION_CONDITIONS = DEBUG;
				SWIFT_OPTIMIZATION_LEVEL = "-Onone";
			};
			name = Debug;
		};
		F37A0CAB29A8F9D3002D06EE /* Release */ = {
			isa = XCBuildConfiguration;
			buildSettings = {
				ALWAYS_SEARCH_USER_PATHS = NO;
				CLANG_ANALYZER_NONNULL = YES;
				CLANG_ANALYZER_NUMBER_OBJECT_CONVERSION = YES_AGGRESSIVE;
				CLANG_CXX_LANGUAGE_STANDARD = "gnu++20";
				CLANG_ENABLE_MODULES = YES;
				CLANG_ENABLE_OBJC_ARC = YES;
				CLANG_ENABLE_OBJC_WEAK = YES;
				CLANG_WARN_BLOCK_CAPTURE_AUTORELEASING = YES;
				CLANG_WARN_BOOL_CONVERSION = YES;
				CLANG_WARN_COMMA = YES;
				CLANG_WARN_CONSTANT_CONVERSION = YES;
				CLANG_WARN_DEPRECATED_OBJC_IMPLEMENTATIONS = YES;
				CLANG_WARN_DIRECT_OBJC_ISA_USAGE = YES_ERROR;
				CLANG_WARN_DOCUMENTATION_COMMENTS = YES;
				CLANG_WARN_EMPTY_BODY = YES;
				CLANG_WARN_ENUM_CONVERSION = YES;
				CLANG_WARN_INFINITE_RECURSION = YES;
				CLANG_WARN_INT_CONVERSION = YES;
				CLANG_WARN_NON_LITERAL_NULL_CONVERSION = YES;
				CLANG_WARN_OBJC_IMPLICIT_RETAIN_SELF = YES;
				CLANG_WARN_OBJC_LITERAL_CONVERSION = YES;
				CLANG_WARN_OBJC_ROOT_CLASS = YES_ERROR;
				CLANG_WARN_QUOTED_INCLUDE_IN_FRAMEWORK_HEADER = YES;
				CLANG_WARN_RANGE_LOOP_ANALYSIS = YES;
				CLANG_WARN_STRICT_PROTOTYPES = YES;
				CLANG_WARN_SUSPICIOUS_MOVE = YES;
				CLANG_WARN_UNGUARDED_AVAILABILITY = YES_AGGRESSIVE;
				CLANG_WARN_UNREACHABLE_CODE = YES;
				CLANG_WARN__DUPLICATE_METHOD_MATCH = YES;
				COPY_PHASE_STRIP = NO;
				DEBUG_INFORMATION_FORMAT = "dwarf-with-dsym";
				ENABLE_NS_ASSERTIONS = NO;
				ENABLE_STRICT_OBJC_MSGSEND = YES;
				GCC_C_LANGUAGE_STANDARD = gnu11;
				GCC_NO_COMMON_BLOCKS = YES;
				GCC_WARN_64_TO_32_BIT_CONVERSION = YES;
				GCC_WARN_ABOUT_RETURN_TYPE = YES_ERROR;
				GCC_WARN_UNDECLARED_SELECTOR = YES;
				GCC_WARN_UNINITIALIZED_AUTOS = YES_AGGRESSIVE;
				GCC_WARN_UNUSED_FUNCTION = YES;
				GCC_WARN_UNUSED_VARIABLE = YES;
				IPHONEOS_DEPLOYMENT_TARGET = 16.1;
				MTL_ENABLE_DEBUG_INFO = NO;
				MTL_FAST_MATH = YES;
				SDKROOT = iphoneos;
				SWIFT_COMPILATION_MODE = wholemodule;
				SWIFT_OPTIMIZATION_LEVEL = "-O";
				VALIDATE_PRODUCT = YES;
			};
			name = Release;
		};
		F37A0CAD29A8F9D3002D06EE /* Debug */ = {
			isa = XCBuildConfiguration;
			buildSettings = {
				ASSETCATALOG_COMPILER_APPICON_NAME = AppIcon;
				ASSETCATALOG_COMPILER_GLOBAL_ACCENT_COLOR_NAME = AccentColor;
				CODE_SIGN_STYLE = Automatic;
				CURRENT_PROJECT_VERSION = 1;
				DEVELOPMENT_TEAM = 3QG2M234BJ;
				GENERATE_INFOPLIST_FILE = YES;
				INFOPLIST_FILE = instaFirabaseClone/Info.plist;
				INFOPLIST_KEY_UIApplicationSupportsIndirectInputEvents = YES;
				INFOPLIST_KEY_UILaunchStoryboardName = LaunchScreen;
				INFOPLIST_KEY_UIMainStoryboardFile = Main;
				INFOPLIST_KEY_UISupportedInterfaceOrientations_iPad = "UIInterfaceOrientationPortrait UIInterfaceOrientationPortraitUpsideDown UIInterfaceOrientationLandscapeLeft UIInterfaceOrientationLandscapeRight";
				INFOPLIST_KEY_UISupportedInterfaceOrientations_iPhone = "UIInterfaceOrientationPortrait UIInterfaceOrientationLandscapeLeft UIInterfaceOrientationLandscapeRight";
				LD_RUNPATH_SEARCH_PATHS = (
					"$(inherited)",
					"@executable_path/Frameworks",
				);
				MARKETING_VERSION = 1.0;
				PRODUCT_BUNDLE_IDENTIFIER = com.yakupsuda.instaFirabaseClone;
				PRODUCT_NAME = "$(TARGET_NAME)";
				SWIFT_EMIT_LOC_STRINGS = YES;
				SWIFT_VERSION = 5.0;
				TARGETED_DEVICE_FAMILY = "1,2";
			};
			name = Debug;
		};
		F37A0CAE29A8F9D3002D06EE /* Release */ = {
			isa = XCBuildConfiguration;
			buildSettings = {
				ASSETCATALOG_COMPILER_APPICON_NAME = AppIcon;
				ASSETCATALOG_COMPILER_GLOBAL_ACCENT_COLOR_NAME = AccentColor;
				CODE_SIGN_STYLE = Automatic;
				CURRENT_PROJECT_VERSION = 1;
				DEVELOPMENT_TEAM = 3QG2M234BJ;
				GENERATE_INFOPLIST_FILE = YES;
				INFOPLIST_FILE = instaFirabaseClone/Info.plist;
				INFOPLIST_KEY_UIApplicationSupportsIndirectInputEvents = YES;
				INFOPLIST_KEY_UILaunchStoryboardName = LaunchScreen;
				INFOPLIST_KEY_UIMainStoryboardFile = Main;
				INFOPLIST_KEY_UISupportedInterfaceOrientations_iPad = "UIInterfaceOrientationPortrait UIInterfaceOrientationPortraitUpsideDown UIInterfaceOrientationLandscapeLeft UIInterfaceOrientationLandscapeRight";
				INFOPLIST_KEY_UISupportedInterfaceOrientations_iPhone = "UIInterfaceOrientationPortrait UIInterfaceOrientationLandscapeLeft UIInterfaceOrientationLandscapeRight";
				LD_RUNPATH_SEARCH_PATHS = (
					"$(inherited)",
					"@executable_path/Frameworks",
				);
				MARKETING_VERSION = 1.0;
				PRODUCT_BUNDLE_IDENTIFIER = com.yakupsuda.instaFirabaseClone;
				PRODUCT_NAME = "$(TARGET_NAME)";
				SWIFT_EMIT_LOC_STRINGS = YES;
				SWIFT_VERSION = 5.0;
				TARGETED_DEVICE_FAMILY = "1,2";
			};
			name = Release;
		};
/* End XCBuildConfiguration section */

/* Begin XCConfigurationList section */
		F37A0C9329A8F9D2002D06EE /* Build configuration list for PBXProject "instaFirabaseClone" */ = {
			isa = XCConfigurationList;
			buildConfigurations = (
				F37A0CAA29A8F9D3002D06EE /* Debug */,
				F37A0CAB29A8F9D3002D06EE /* Release */,
			);
			defaultConfigurationIsVisible = 0;
			defaultConfigurationName = Release;
		};
		F37A0CAC29A8F9D3002D06EE /* Build configuration list for PBXNativeTarget "instaFirabaseClone" */ = {
			isa = XCConfigurationList;
			buildConfigurations = (
				F37A0CAD29A8F9D3002D06EE /* Debug */,
				F37A0CAE29A8F9D3002D06EE /* Release */,
			);
			defaultConfigurationIsVisible = 0;
			defaultConfigurationName = Release;
		};
/* End XCConfigurationList section */

/* Begin XCRemoteSwiftPackageReference section */
		F38530DC29B0D17600CB6DB2 /* XCRemoteSwiftPackageReference "SDWebImage" */ = {
			isa = XCRemoteSwiftPackageReference;
			repositoryURL = "https://github.com/SDWebImage/SDWebImage";
			requirement = {
				kind = upToNextMajorVersion;
				minimumVersion = 5.0.0;
			};
		};
		F3D346C529AF7ACB0092A260 /* XCRemoteSwiftPackageReference "firebase-ios-sdk" */ = {
			isa = XCRemoteSwiftPackageReference;
			repositoryURL = "https://github.com/firebase/firebase-ios-sdk";
			requirement = {
				branch = master;
				kind = branch;
			};
		};
/* End XCRemoteSwiftPackageReference section */

/* Begin XCSwiftPackageProductDependency section */
		F38530DD29B0D17600CB6DB2 /* SDWebImage */ = {
			isa = XCSwiftPackageProductDependency;
			package = F38530DC29B0D17600CB6DB2 /* XCRemoteSwiftPackageReference "SDWebImage" */;
			productName = SDWebImage;
		};
		F3D346C629AF7ACB0092A260 /* FirebaseAnalytics */ = {
			isa = XCSwiftPackageProductDependency;
			package = F3D346C529AF7ACB0092A260 /* XCRemoteSwiftPackageReference "firebase-ios-sdk" */;
			productName = FirebaseAnalytics;
		};
		F3D346C829AF7ACB0092A260 /* FirebaseAuth */ = {
			isa = XCSwiftPackageProductDependency;
			package = F3D346C529AF7ACB0092A260 /* XCRemoteSwiftPackageReference "firebase-ios-sdk" */;
			productName = FirebaseAuth;
		};
		F3D346CA29AF7ACB0092A260 /* FirebaseDatabase */ = {
			isa = XCSwiftPackageProductDependency;
			package = F3D346C529AF7ACB0092A260 /* XCRemoteSwiftPackageReference "firebase-ios-sdk" */;
			productName = FirebaseDatabase;
		};
		F3D346CC29AF7ACB0092A260 /* FirebaseFirestore */ = {
			isa = XCSwiftPackageProductDependency;
			package = F3D346C529AF7ACB0092A260 /* XCRemoteSwiftPackageReference "firebase-ios-sdk" */;
			productName = FirebaseFirestore;
		};
		F3D346CE29AF7ACB0092A260 /* FirebaseStorage */ = {
			isa = XCSwiftPackageProductDependency;
			package = F3D346C529AF7ACB0092A260 /* XCRemoteSwiftPackageReference "firebase-ios-sdk" */;
			productName = FirebaseStorage;
		};
/* End XCSwiftPackageProductDependency section */
	};
	rootObject = F37A0C9029A8F9D2002D06EE /* Project object */;
}
